// !$*UTF8*$!
{
	archiveVersion = 1;
	classes = {
	};
	objectVersion = 56;
	objects = {

/* Begin PBXBuildFile section */
		4E1A287D29A1072600EFEF06 /* EditItemView.swift in Sources */ = {isa = PBXBuildFile; fileRef = 4E1A287C29A1072600EFEF06 /* EditItemView.swift */; };
		4E1A287F29A1140A00EFEF06 /* ItemRowView.swift in Sources */ = {isa = PBXBuildFile; fileRef = 4E1A287E29A1140A00EFEF06 /* ItemRowView.swift */; };
		4E1A288129A118B000EFEF06 /* Binding-OnChange.swift in Sources */ = {isa = PBXBuildFile; fileRef = 4E1A288029A118B000EFEF06 /* Binding-OnChange.swift */; };
		4E71020029A2A22D000EFA3A /* ProjectHeaderView.swift in Sources */ = {isa = PBXBuildFile; fileRef = 4E7101FF29A2A22D000EFA3A /* ProjectHeaderView.swift */; };
		4E71020229A2A2E0000EFA3A /* EditProjectView.swift in Sources */ = {isa = PBXBuildFile; fileRef = 4E71020129A2A2E0000EFA3A /* EditProjectView.swift */; };
		4EB0E94929A557D900479C46 /* Colors.xcassets in Resources */ = {isa = PBXBuildFile; fileRef = 4EB0E94829A557D900479C46 /* Colors.xcassets */; };
		4EEA18EC299FA33A00FD047E /* UltimatePortfolioApp.swift in Sources */ = {isa = PBXBuildFile; fileRef = 4EEA18EB299FA33A00FD047E /* UltimatePortfolioApp.swift */; };
		4EEA18EE299FA33A00FD047E /* ContentView.swift in Sources */ = {isa = PBXBuildFile; fileRef = 4EEA18ED299FA33A00FD047E /* ContentView.swift */; };
		4EEA18F0299FA33C00FD047E /* Assets.xcassets in Resources */ = {isa = PBXBuildFile; fileRef = 4EEA18EF299FA33C00FD047E /* Assets.xcassets */; };
		4EEA18F3299FA33C00FD047E /* Preview Assets.xcassets in Resources */ = {isa = PBXBuildFile; fileRef = 4EEA18F2299FA33C00FD047E /* Preview Assets.xcassets */; };
		4EEA18FB299FA68900FD047E /* Main.xcdatamodeld in Sources */ = {isa = PBXBuildFile; fileRef = 4EEA18F9299FA68900FD047E /* Main.xcdatamodeld */; };
		4EEA18FD299FA8D400FD047E /* DataController.swift in Sources */ = {isa = PBXBuildFile; fileRef = 4EEA18FC299FA8D400FD047E /* DataController.swift */; };
		4EEA1900299FB65600FD047E /* HomeView.swift in Sources */ = {isa = PBXBuildFile; fileRef = 4EEA18FF299FB65600FD047E /* HomeView.swift */; };
		4EEA1902299FB6CE00FD047E /* ProjectsView.swift in Sources */ = {isa = PBXBuildFile; fileRef = 4EEA1901299FB6CE00FD047E /* ProjectsView.swift */; };
		4EEA190C299FC46900FD047E /* Item-CoreDataHelpers.swift in Sources */ = {isa = PBXBuildFile; fileRef = 4EEA190B299FC46900FD047E /* Item-CoreDataHelpers.swift */; };
		4EEA190E299FC5B000FD047E /* project-CoreDataHelpers.swift in Sources */ = {isa = PBXBuildFile; fileRef = 4EEA190D299FC5B000FD047E /* project-CoreDataHelpers.swift */; };
/* End PBXBuildFile section */

/* Begin PBXFileReference section */
		4E1A287C29A1072600EFEF06 /* EditItemView.swift */ = {isa = PBXFileReference; lastKnownFileType = sourcecode.swift; path = EditItemView.swift; sourceTree = "<group>"; };
		4E1A287E29A1140A00EFEF06 /* ItemRowView.swift */ = {isa = PBXFileReference; lastKnownFileType = sourcecode.swift; path = ItemRowView.swift; sourceTree = "<group>"; };
		4E1A288029A118B000EFEF06 /* Binding-OnChange.swift */ = {isa = PBXFileReference; lastKnownFileType = sourcecode.swift; path = "Binding-OnChange.swift"; sourceTree = "<group>"; };
		4E7101FF29A2A22D000EFA3A /* ProjectHeaderView.swift */ = {isa = PBXFileReference; lastKnownFileType = sourcecode.swift; path = ProjectHeaderView.swift; sourceTree = "<group>"; };
		4E71020129A2A2E0000EFA3A /* EditProjectView.swift */ = {isa = PBXFileReference; lastKnownFileType = sourcecode.swift; path = EditProjectView.swift; sourceTree = "<group>"; };
		4EB0E94829A557D900479C46 /* Colors.xcassets */ = {isa = PBXFileReference; lastKnownFileType = folder.assetcatalog; path = Colors.xcassets; sourceTree = "<group>"; };
		4EEA18E8299FA33A00FD047E /* UltimatePortfolio.app */ = {isa = PBXFileReference; explicitFileType = wrapper.application; includeInIndex = 0; path = UltimatePortfolio.app; sourceTree = BUILT_PRODUCTS_DIR; };
		4EEA18EB299FA33A00FD047E /* UltimatePortfolioApp.swift */ = {isa = PBXFileReference; lastKnownFileType = sourcecode.swift; path = UltimatePortfolioApp.swift; sourceTree = "<group>"; };
		4EEA18ED299FA33A00FD047E /* ContentView.swift */ = {isa = PBXFileReference; lastKnownFileType = sourcecode.swift; path = ContentView.swift; sourceTree = "<group>"; };
		4EEA18EF299FA33C00FD047E /* Assets.xcassets */ = {isa = PBXFileReference; lastKnownFileType = folder.assetcatalog; path = Assets.xcassets; sourceTree = "<group>"; };
		4EEA18F2299FA33C00FD047E /* Preview Assets.xcassets */ = {isa = PBXFileReference; lastKnownFileType = folder.assetcatalog; path = "Preview Assets.xcassets"; sourceTree = "<group>"; };
		4EEA18FA299FA68900FD047E /* Main.xcdatamodel */ = {isa = PBXFileReference; lastKnownFileType = wrapper.xcdatamodel; path = Main.xcdatamodel; sourceTree = "<group>"; };
		4EEA18FC299FA8D400FD047E /* DataController.swift */ = {isa = PBXFileReference; lastKnownFileType = sourcecode.swift; path = DataController.swift; sourceTree = "<group>"; };
		4EEA18FE299FB46800FD047E /* Info.plist */ = {isa = PBXFileReference; lastKnownFileType = text.plist; path = Info.plist; sourceTree = "<group>"; };
		4EEA18FF299FB65600FD047E /* HomeView.swift */ = {isa = PBXFileReference; lastKnownFileType = sourcecode.swift; path = HomeView.swift; sourceTree = "<group>"; };
		4EEA1901299FB6CE00FD047E /* ProjectsView.swift */ = {isa = PBXFileReference; lastKnownFileType = sourcecode.swift; path = ProjectsView.swift; sourceTree = "<group>"; };
		4EEA190B299FC46900FD047E /* Item-CoreDataHelpers.swift */ = {isa = PBXFileReference; lastKnownFileType = sourcecode.swift; path = "Item-CoreDataHelpers.swift"; sourceTree = "<group>"; };
		4EEA190D299FC5B000FD047E /* project-CoreDataHelpers.swift */ = {isa = PBXFileReference; lastKnownFileType = sourcecode.swift; path = "project-CoreDataHelpers.swift"; sourceTree = "<group>"; };
/* End PBXFileReference section */

/* Begin PBXFrameworksBuildPhase section */
		4EEA18E5299FA33A00FD047E /* Frameworks */ = {
			isa = PBXFrameworksBuildPhase;
			buildActionMask = 2147483647;
			files = (
			);
			runOnlyForDeploymentPostprocessing = 0;
		};
/* End PBXFrameworksBuildPhase section */

/* Begin PBXGroup section */
		4EEA18DF299FA33A00FD047E = {
			isa = PBXGroup;
			children = (
				4EEA18EA299FA33A00FD047E /* UltimatePortfolio */,
				4EEA18E9299FA33A00FD047E /* Products */,
			);
			sourceTree = "<group>";
		};
		4EEA18E9299FA33A00FD047E /* Products */ = {
			isa = PBXGroup;
			children = (
				4EEA18E8299FA33A00FD047E /* UltimatePortfolio.app */,
			);
			name = Products;
			sourceTree = "<group>";
		};
		4EEA18EA299FA33A00FD047E /* UltimatePortfolio */ = {
			isa = PBXGroup;
			children = (
				4EEA18FE299FB46800FD047E /* Info.plist */,
				4EEA18EB299FA33A00FD047E /* UltimatePortfolioApp.swift */,
				4EEA18FF299FB65600FD047E /* HomeView.swift */,
				4EEA1901299FB6CE00FD047E /* ProjectsView.swift */,
				4E7101FF29A2A22D000EFA3A /* ProjectHeaderView.swift */,
				4E1A287E29A1140A00EFEF06 /* ItemRowView.swift */,
				4EEA190B299FC46900FD047E /* Item-CoreDataHelpers.swift */,
				4E71020129A2A2E0000EFA3A /* EditProjectView.swift */,
				4E1A287C29A1072600EFEF06 /* EditItemView.swift */,
				4E1A288029A118B000EFEF06 /* Binding-OnChange.swift */,
				4EEA190D299FC5B000FD047E /* project-CoreDataHelpers.swift */,
				4EEA18ED299FA33A00FD047E /* ContentView.swift */,
				4EEA18FC299FA8D400FD047E /* DataController.swift */,
				4EEA18F9299FA68900FD047E /* Main.xcdatamodeld */,
				4EEA18EF299FA33C00FD047E /* Assets.xcassets */,
				4EB0E94829A557D900479C46 /* Colors.xcassets */,
				4EEA18F1299FA33C00FD047E /* Preview Content */,
			);
			path = UltimatePortfolio;
			sourceTree = "<group>";
		};
		4EEA18F1299FA33C00FD047E /* Preview Content */ = {
			isa = PBXGroup;
			children = (
				4EEA18F2299FA33C00FD047E /* Preview Assets.xcassets */,
			);
			path = "Preview Content";
			sourceTree = "<group>";
		};
/* End PBXGroup section */

/* Begin PBXNativeTarget section */
		4EEA18E7299FA33A00FD047E /* UltimatePortfolio */ = {
			isa = PBXNativeTarget;
			buildConfigurationList = 4EEA18F6299FA33C00FD047E /* Build configuration list for PBXNativeTarget "UltimatePortfolio" */;
			buildPhases = (
				4EEA18E4299FA33A00FD047E /* Sources */,
				4EEA18E5299FA33A00FD047E /* Frameworks */,
				4EEA18E6299FA33A00FD047E /* Resources */,
			);
			buildRules = (
			);
			dependencies = (
			);
			name = UltimatePortfolio;
			productName = UltimatePortfolio;
			productReference = 4EEA18E8299FA33A00FD047E /* UltimatePortfolio.app */;
			productType = "com.apple.product-type.application";
		};
/* End PBXNativeTarget section */

/* Begin PBXProject section */
		4EEA18E0299FA33A00FD047E /* Project object */ = {
			isa = PBXProject;
			attributes = {
				BuildIndependentTargetsInParallel = 1;
				LastSwiftUpdateCheck = 1410;
				LastUpgradeCheck = 1410;
				TargetAttributes = {
					4EEA18E7299FA33A00FD047E = {
						CreatedOnToolsVersion = 14.1;
					};
				};
			};
			buildConfigurationList = 4EEA18E3299FA33A00FD047E /* Build configuration list for PBXProject "UltimatePortfolio" */;
			compatibilityVersion = "Xcode 14.0";
			developmentRegion = en;
			hasScannedForEncodings = 0;
			knownRegions = (
				en,
				Base,
			);
			mainGroup = 4EEA18DF299FA33A00FD047E;
			productRefGroup = 4EEA18E9299FA33A00FD047E /* Products */;
			projectDirPath = "";
			projectRoot = "";
			targets = (
				4EEA18E7299FA33A00FD047E /* UltimatePortfolio */,
			);
		};
/* End PBXProject section */

/* Begin PBXResourcesBuildPhase section */
		4EEA18E6299FA33A00FD047E /* Resources */ = {
			isa = PBXResourcesBuildPhase;
			buildActionMask = 2147483647;
			files = (
				4EB0E94929A557D900479C46 /* Colors.xcassets in Resources */,
				4EEA18F3299FA33C00FD047E /* Preview Assets.xcassets in Resources */,
				4EEA18F0299FA33C00FD047E /* Assets.xcassets in Resources */,
			);
			runOnlyForDeploymentPostprocessing = 0;
		};
/* End PBXResourcesBuildPhase section */

/* Begin PBXSourcesBuildPhase section */
		4EEA18E4299FA33A00FD047E /* Sources */ = {
			isa = PBXSourcesBuildPhase;
			buildActionMask = 2147483647;
			files = (
				4EEA1902299FB6CE00FD047E /* ProjectsView.swift in Sources */,
				4E71020029A2A22D000EFA3A /* ProjectHeaderView.swift in Sources */,
				4EEA18FB299FA68900FD047E /* Main.xcdatamodeld in Sources */,
				4EEA190E299FC5B000FD047E /* project-CoreDataHelpers.swift in Sources */,
				4E71020229A2A2E0000EFA3A /* EditProjectView.swift in Sources */,
				4EEA18FD299FA8D400FD047E /* DataController.swift in Sources */,
				4E1A287F29A1140A00EFEF06 /* ItemRowView.swift in Sources */,
				4EEA18EE299FA33A00FD047E /* ContentView.swift in Sources */,
				4E1A288129A118B000EFEF06 /* Binding-OnChange.swift in Sources */,
				4EEA1900299FB65600FD047E /* HomeView.swift in Sources */,
				4EEA18EC299FA33A00FD047E /* UltimatePortfolioApp.swift in Sources */,
				4EEA190C299FC46900FD047E /* Item-CoreDataHelpers.swift in Sources */,
				4E1A287D29A1072600EFEF06 /* EditItemView.swift in Sources */,
			);
			runOnlyForDeploymentPostprocessing = 0;
		};
/* End PBXSourcesBuildPhase section */

/* Begin XCBuildConfiguration section */
		4EEA18F4299FA33C00FD047E /* Debug */ = {
			isa = XCBuildConfiguration;
			buildSettings = {
				ALWAYS_SEARCH_USER_PATHS = NO;
				CLANG_ANALYZER_NONNULL = YES;
				CLANG_ANALYZER_NUMBER_OBJECT_CONVERSION = YES_AGGRESSIVE;
				CLANG_CXX_LANGUAGE_STANDARD = "gnu++20";
				CLANG_ENABLE_MODULES = YES;
				CLANG_ENABLE_OBJC_ARC = YES;
				CLANG_ENABLE_OBJC_WEAK = YES;
				CLANG_WARN_BLOCK_CAPTURE_AUTORELEASING = YES;
				CLANG_WARN_BOOL_CONVERSION = YES;
				CLANG_WARN_COMMA = YES;
				CLANG_WARN_CONSTANT_CONVERSION = YES;
				CLANG_WARN_DEPRECATED_OBJC_IMPLEMENTATIONS = YES;
				CLANG_WARN_DIRECT_OBJC_ISA_USAGE = YES_ERROR;
				CLANG_WARN_DOCUMENTATION_COMMENTS = YES;
				CLANG_WARN_EMPTY_BODY = YES;
				CLANG_WARN_ENUM_CONVERSION = YES;
				CLANG_WARN_INFINITE_RECURSION = YES;
				CLANG_WARN_INT_CONVERSION = YES;
				CLANG_WARN_NON_LITERAL_NULL_CONVERSION = YES;
				CLANG_WARN_OBJC_IMPLICIT_RETAIN_SELF = YES;
				CLANG_WARN_OBJC_LITERAL_CONVERSION = YES;
				CLANG_WARN_OBJC_ROOT_CLASS = YES_ERROR;
				CLANG_WARN_QUOTED_INCLUDE_IN_FRAMEWORK_HEADER = YES;
				CLANG_WARN_RANGE_LOOP_ANALYSIS = YES;
				CLANG_WARN_STRICT_PROTOTYPES = YES;
				CLANG_WARN_SUSPICIOUS_MOVE = YES;
				CLANG_WARN_UNGUARDED_AVAILABILITY = YES_AGGRESSIVE;
				CLANG_WARN_UNREACHABLE_CODE = YES;
				CLANG_WARN__DUPLICATE_METHOD_MATCH = YES;
				COPY_PHASE_STRIP = NO;
				DEBUG_INFORMATION_FORMAT = dwarf;
				ENABLE_STRICT_OBJC_MSGSEND = YES;
				ENABLE_TESTABILITY = YES;
				GCC_C_LANGUAGE_STANDARD = gnu11;
				GCC_DYNAMIC_NO_PIC = NO;
				GCC_NO_COMMON_BLOCKS = YES;
				GCC_OPTIMIZATION_LEVEL = 0;
				GCC_PREPROCESSOR_DEFINITIONS = (
					"DEBUG=1",
					"$(inherited)",
				);
				GCC_WARN_64_TO_32_BIT_CONVERSION = YES;
				GCC_WARN_ABOUT_RETURN_TYPE = YES_ERROR;
				GCC_WARN_UNDECLARED_SELECTOR = YES;
				GCC_WARN_UNINITIALIZED_AUTOS = YES_AGGRESSIVE;
				GCC_WARN_UNUSED_FUNCTION = YES;
				GCC_WARN_UNUSED_VARIABLE = YES;
				IPHONEOS_DEPLOYMENT_TARGET = 16.1;
				MTL_ENABLE_DEBUG_INFO = INCLUDE_SOURCE;
				MTL_FAST_MATH = YES;
				ONLY_ACTIVE_ARCH = YES;
				SDKROOT = iphoneos;
				SWIFT_ACTIVE_COMPILATION_CONDITIONS = DEBUG;
				SWIFT_OPTIMIZATION_LEVEL = "-Onone";
			};
			name = Debug;
		};
		4EEA18F5299FA33C00FD047E /* Release */ = {
			isa = XCBuildConfiguration;
			buildSettings = {
				ALWAYS_SEARCH_USER_PATHS = NO;
				CLANG_ANALYZER_NONNULL = YES;
				CLANG_ANALYZER_NUMBER_OBJECT_CONVERSION = YES_AGGRESSIVE;
				CLANG_CXX_LANGUAGE_STANDARD = "gnu++20";
				CLANG_ENABLE_MODULES = YES;
				CLANG_ENABLE_OBJC_ARC = YES;
				CLANG_ENABLE_OBJC_WEAK = YES;
				CLANG_WARN_BLOCK_CAPTURE_AUTORELEASING = YES;
				CLANG_WARN_BOOL_CONVERSION = YES;
				CLANG_WARN_COMMA = YES;
				CLANG_WARN_CONSTANT_CONVERSION = YES;
				CLANG_WARN_DEPRECATED_OBJC_IMPLEMENTATIONS = YES;
				CLANG_WARN_DIRECT_OBJC_ISA_USAGE = YES_ERROR;
				CLANG_WARN_DOCUMENTATION_COMMENTS = YES;
				CLANG_WARN_EMPTY_BODY = YES;
				CLANG_WARN_ENUM_CONVERSION = YES;
				CLANG_WARN_INFINITE_RECURSION = YES;
				CLANG_WARN_INT_CONVERSION = YES;
				CLANG_WARN_NON_LITERAL_NULL_CONVERSION = YES;
				CLANG_WARN_OBJC_IMPLICIT_RETAIN_SELF = YES;
				CLANG_WARN_OBJC_LITERAL_CONVERSION = YES;
				CLANG_WARN_OBJC_ROOT_CLASS = YES_ERROR;
				CLANG_WARN_QUOTED_INCLUDE_IN_FRAMEWORK_HEADER = YES;
				CLANG_WARN_RANGE_LOOP_ANALYSIS = YES;
				CLANG_WARN_STRICT_PROTOTYPES = YES;
				CLANG_WARN_SUSPICIOUS_MOVE = YES;
				CLANG_WARN_UNGUARDED_AVAILABILITY = YES_AGGRESSIVE;
				CLANG_WARN_UNREACHABLE_CODE = YES;
				CLANG_WARN__DUPLICATE_METHOD_MATCH = YES;
				COPY_PHASE_STRIP = NO;
				DEBUG_INFORMATION_FORMAT = "dwarf-with-dsym";
				ENABLE_NS_ASSERTIONS = NO;
				ENABLE_STRICT_OBJC_MSGSEND = YES;
				GCC_C_LANGUAGE_STANDARD = gnu11;
				GCC_NO_COMMON_BLOCKS = YES;
				GCC_WARN_64_TO_32_BIT_CONVERSION = YES;
				GCC_WARN_ABOUT_RETURN_TYPE = YES_ERROR;
				GCC_WARN_UNDECLARED_SELECTOR = YES;
				GCC_WARN_UNINITIALIZED_AUTOS = YES_AGGRESSIVE;
				GCC_WARN_UNUSED_FUNCTION = YES;
				GCC_WARN_UNUSED_VARIABLE = YES;
				IPHONEOS_DEPLOYMENT_TARGET = 16.1;
				MTL_ENABLE_DEBUG_INFO = NO;
				MTL_FAST_MATH = YES;
				SDKROOT = iphoneos;
				SWIFT_COMPILATION_MODE = wholemodule;
				SWIFT_OPTIMIZATION_LEVEL = "-O";
				VALIDATE_PRODUCT = YES;
			};
			name = Release;
		};
		4EEA18F7299FA33C00FD047E /* Debug */ = {
			isa = XCBuildConfiguration;
			buildSettings = {
				ASSETCATALOG_COMPILER_APPICON_NAME = AppIcon;
				ASSETCATALOG_COMPILER_GLOBAL_ACCENT_COLOR_NAME = AccentColor;
				CODE_SIGN_STYLE = Automatic;
				CURRENT_PROJECT_VERSION = 1;
				DEVELOPMENT_ASSET_PATHS = "\"UltimatePortfolio/Preview Content\"";
				DEVELOPMENT_TEAM = 5PVHGUKPAW;
				ENABLE_PREVIEWS = YES;
				GENERATE_INFOPLIST_FILE = YES;
				INFOPLIST_FILE = UltimatePortfolio/Info.plist;
				INFOPLIST_KEY_UIApplicationSceneManifest_Generation = YES;
				INFOPLIST_KEY_UIApplicationSupportsIndirectInputEvents = YES;
				INFOPLIST_KEY_UILaunchScreen_Generation = YES;
				INFOPLIST_KEY_UISupportedInterfaceOrientations_iPad = "UIInterfaceOrientationPortrait UIInterfaceOrientationPortraitUpsideDown UIInterfaceOrientationLandscapeLeft UIInterfaceOrientationLandscapeRight";
				INFOPLIST_KEY_UISupportedInterfaceOrientations_iPhone = "UIInterfaceOrientationPortrait UIInterfaceOrientationLandscapeLeft UIInterfaceOrientationLandscapeRight";
				LD_RUNPATH_SEARCH_PATHS = (
					"$(inherited)",
					"@executable_path/Frameworks",
				);
				MARKETING_VERSION = 1.0;
				PRODUCT_BUNDLE_IDENTIFIER = com.CodingKovs.UltimatePortfolio;
				PRODUCT_NAME = "$(TARGET_NAME)";
				SWIFT_EMIT_LOC_STRINGS = YES;
				SWIFT_VERSION = 5.0;
				TARGETED_DEVICE_FAMILY = "1,2";
			};
			name = Debug;
		};
		4EEA18F8299FA33C00FD047E /* Release */ = {
			isa = XCBuildConfiguration;
			buildSettings = {
				ASSETCATALOG_COMPILER_APPICON_NAME = AppIcon;
				ASSETCATALOG_COMPILER_GLOBAL_ACCENT_COLOR_NAME = AccentColor;
				CODE_SIGN_STYLE = Automatic;
				CURRENT_PROJECT_VERSION = 1;
				DEVELOPMENT_ASSET_PATHS = "\"UltimatePortfolio/Preview Content\"";
				DEVELOPMENT_TEAM = 5PVHGUKPAW;
				ENABLE_PREVIEWS = YES;
				GENERATE_INFOPLIST_FILE = YES;
				INFOPLIST_FILE = UltimatePortfolio/Info.plist;
				INFOPLIST_KEY_UIApplicationSceneManifest_Generation = YES;
				INFOPLIST_KEY_UIApplicationSupportsIndirectInputEvents = YES;
				INFOPLIST_KEY_UILaunchScreen_Generation = YES;
				INFOPLIST_KEY_UISupportedInterfaceOrientations_iPad = "UIInterfaceOrientationPortrait UIInterfaceOrientationPortraitUpsideDown UIInterfaceOrientationLandscapeLeft UIInterfaceOrientationLandscapeRight";
				INFOPLIST_KEY_UISupportedInterfaceOrientations_iPhone = "UIInterfaceOrientationPortrait UIInterfaceOrientationLandscapeLeft UIInterfaceOrientationLandscapeRight";
				LD_RUNPATH_SEARCH_PATHS = (
					"$(inherited)",
					"@executable_path/Frameworks",
				);
				MARKETING_VERSION = 1.0;
				PRODUCT_BUNDLE_IDENTIFIER = com.CodingKovs.UltimatePortfolio;
				PRODUCT_NAME = "$(TARGET_NAME)";
				SWIFT_EMIT_LOC_STRINGS = YES;
				SWIFT_VERSION = 5.0;
				TARGETED_DEVICE_FAMILY = "1,2";
			};
			name = Release;
		};
/* End XCBuildConfiguration section */

/* Begin XCConfigurationList section */
		4EEA18E3299FA33A00FD047E /* Build configuration list for PBXProject "UltimatePortfolio" */ = {
			isa = XCConfigurationList;
			buildConfigurations = (
				4EEA18F4299FA33C00FD047E /* Debug */,
				4EEA18F5299FA33C00FD047E /* Release */,
			);
			defaultConfigurationIsVisible = 0;
			defaultConfigurationName = Release;
		};
		4EEA18F6299FA33C00FD047E /* Build configuration list for PBXNativeTarget "UltimatePortfolio" */ = {
			isa = XCConfigurationList;
			buildConfigurations = (
				4EEA18F7299FA33C00FD047E /* Debug */,
				4EEA18F8299FA33C00FD047E /* Release */,
			);
			defaultConfigurationIsVisible = 0;
			defaultConfigurationName = Release;
		};
/* End XCConfigurationList section */

/* Begin XCVersionGroup section */
		4EEA18F9299FA68900FD047E /* Main.xcdatamodeld */ = {
			isa = XCVersionGroup;
			children = (
				4EEA18FA299FA68900FD047E /* Main.xcdatamodel */,
			);
			currentVersion = 4EEA18FA299FA68900FD047E /* Main.xcdatamodel */;
			path = Main.xcdatamodeld;
			sourceTree = "<group>";
			versionGroupType = wrapper.xcdatamodel;
		};
/* End XCVersionGroup section */
	};
	rootObject = 4EEA18E0299FA33A00FD047E /* Project object */;
}
